
Microsoft Visual Studio Solution File, Format Version 12.00
# Visual Studio 15
VisualStudioVersion = 15.0.27428.2015
MinimumVisualStudioVersion = 10.0.40219.1
Project("{8BC9CEB8-8B4A-11D0-8D11-00A0C91BC942}") = "mediaServe", "mediaServe\mediaServe.vcxproj", "{DDF6D345-A20F-4423-85ED-B6BDA9A7FDC6}"
EndProject
Project("{8BC9CEB8-8B4A-11D0-8D11-00A0C91BC942}") = "groupsock", "groupsock\groupsock.vcxproj", "{AA80867A-8DD7-48C5-ABB1-7044CA977DEB}"
EndProject
Project("{8BC9CEB8-8B4A-11D0-8D11-00A0C91BC942}") = "liveMedia", "liveMedia\liveMedia.vcxproj", "{7BF50B20-D6D5-4CE1-9656-AF3CC6FE3AE6}"
EndProject
Project("{8BC9CEB8-8B4A-11D0-8D11-00A0C91BC942}") = "BasicUsageEnvironment", "BasicUsageEnvironment\BasicUsageEnvironment.vcxproj", "{5924B737-5F45-4293-A48C-6EC71F3B433E}"
EndProject
Project("{8BC9CEB8-8B4A-11D0-8D11-00A0C91BC942}") = "UsageEnvironment", "UsageEnvironment\UsageEnvironment.vcxproj", "{F42F4745-3555-420C-A90C-861C7DEE5C60}"
EndProject
Project("{8BC9CEB8-8B4A-11D0-8D11-00A0C91BC942}") = "testProgs", "testProgs\testProgs.vcxproj", "{AE5B208D-B679-4DCA-8326-F4CC3B562858}"
EndProject
Project("{8BC9CEB8-8B4A-11D0-8D11-00A0C91BC942}") = "myMediaServer", "myMediaServer\myMediaServer.vcxproj", "{E2259E8C-C7E0-411D-87DD-7FF4B4DA84C5}"
EndProject
Global
	GlobalSection(SolutionConfigurationPlatforms) = preSolution
		Debug|x64 = Debug|x64
		Debug|x86 = Debug|x86
		Release|x64 = Release|x64
		Release|x86 = Release|x86
	EndGlobalSection
	GlobalSection(ProjectConfigurationPlatforms) = postSolution
		{DDF6D345-A20F-4423-85ED-B6BDA9A7FDC6}.Debug|x64.ActiveCfg = Debug|x64
		{DDF6D345-A20F-4423-85ED-B6BDA9A7FDC6}.Debug|x64.Build.0 = Debug|x64
		{DDF6D345-A20F-4423-85ED-B6BDA9A7FDC6}.Debug|x86.ActiveCfg = Debug|Win32
		{DDF6D345-A20F-4423-85ED-B6BDA9A7FDC6}.Debug|x86.Build.0 = Debug|Win32
		{DDF6D345-A20F-4423-85ED-B6BDA9A7FDC6}.Release|x64.ActiveCfg = Release|x64
		{DDF6D345-A20F-4423-85ED-B6BDA9A7FDC6}.Release|x64.Build.0 = Release|x64
		{DDF6D345-A20F-4423-85ED-B6BDA9A7FDC6}.Release|x86.ActiveCfg = Release|Win32
		{DDF6D345-A20F-4423-85ED-B6BDA9A7FDC6}.Release|x86.Build.0 = Release|Win32
		{AA80867A-8DD7-48C5-ABB1-7044CA977DEB}.Debug|x64.ActiveCfg = Debug|x64
		{AA80867A-8DD7-48C5-ABB1-7044CA977DEB}.Debug|x64.Build.0 = Debug|x64
		{AA80867A-8DD7-48C5-ABB1-7044CA977DEB}.Debug|x86.ActiveCfg = Debug|Win32
		{AA80867A-8DD7-48C5-ABB1-7044CA977DEB}.Debug|x86.Build.0 = Debug|Win32
		{AA80867A-8DD7-48C5-ABB1-7044CA977DEB}.Release|x64.ActiveCfg = Release|x64
		{AA80867A-8DD7-48C5-ABB1-7044CA977DEB}.Release|x64.Build.0 = Release|x64
		{AA80867A-8DD7-48C5-ABB1-7044CA977DEB}.Release|x86.ActiveCfg = Release|Win32
		{AA80867A-8DD7-48C5-ABB1-7044CA977DEB}.Release|x86.Build.0 = Release|Win32
		{7BF50B20-D6D5-4CE1-9656-AF3CC6FE3AE6}.Debug|x64.ActiveCfg = Debug|x64
		{7BF50B20-D6D5-4CE1-9656-AF3CC6FE3AE6}.Debug|x64.Build.0 = Debug|x64
		{7BF50B20-D6D5-4CE1-9656-AF3CC6FE3AE6}.Debug|x86.ActiveCfg = Debug|Win32
		{7BF50B20-D6D5-4CE1-9656-AF3CC6FE3AE6}.Debug|x86.Build.0 = Debug|Win32
		{7BF50B20-D6D5-4CE1-9656-AF3CC6FE3AE6}.Release|x64.ActiveCfg = Release|x64
		{7BF50B20-D6D5-4CE1-9656-AF3CC6FE3AE6}.Release|x64.Build.0 = Release|x64
		{7BF50B20-D6D5-4CE1-9656-AF3CC6FE3AE6}.Release|x86.ActiveCfg = Release|Win32
		{7BF50B20-D6D5-4CE1-9656-AF3CC6FE3AE6}.Release|x86.Build.0 = Release|Win32
		{5924B737-5F45-4293-A48C-6EC71F3B433E}.Debug|x64.ActiveCfg = Debug|x64
		{5924B737-5F45-4293-A48C-6EC71F3B433E}.Debug|x64.Build.0 = Debug|x64
		{5924B737-5F45-4293-A48C-6EC71F3B433E}.Debug|x86.ActiveCfg = Debug|Win32
		{5924B737-5F45-4293-A48C-6EC71F3B433E}.Debug|x86.Build.0 = Debug|Win32
		{5924B737-5F45-4293-A48C-6EC71F3B433E}.Release|x64.ActiveCfg = Release|x64
		{5924B737-5F45-4293-A48C-6EC71F3B433E}.Release|x64.Build.0 = Release|x64
		{5924B737-5F45-4293-A48C-6EC71F3B433E}.Release|x86.ActiveCfg = Release|Win32
		{5924B737-5F45-4293-A48C-6EC71F3B433E}.Release|x86.Build.0 = Release|Win32
		{F42F4745-3555-420C-A90C-861C7DEE5C60}.Debug|x64.ActiveCfg = Debug|x64
		{F42F4745-3555-420C-A90C-861C7DEE5C60}.Debug|x64.Build.0 = Debug|x64
		{F42F4745-3555-420C-A90C-861C7DEE5C60}.Debug|x86.ActiveCfg = Debug|Win32
		{F42F4745-3555-420C-A90C-861C7DEE5C60}.Debug|x86.Build.0 = Debug|Win32
		{F42F4745-3555-420C-A90C-861C7DEE5C60}.Release|x64.ActiveCfg = Release|x64
		{F42F4745-3555-420C-A90C-861C7DEE5C60}.Release|x64.Build.0 = Release|x64
		{F42F4745-3555-420C-A90C-861C7DEE5C60}.Release|x86.ActiveCfg = Release|Win32
		{F42F4745-3555-420C-A90C-861C7DEE5C60}.Release|x86.Build.0 = Release|Win32
		{AE5B208D-B679-4DCA-8326-F4CC3B562858}.Debug|x64.ActiveCfg = Debug|x64
		{AE5B208D-B679-4DCA-8326-F4CC3B562858}.Debug|x64.Build.0 = Debug|x64
		{AE5B208D-B679-4DCA-8326-F4CC3B562858}.Debug|x86.ActiveCfg = Debug|Win32
		{AE5B208D-B679-4DCA-8326-F4CC3B562858}.Debug|x86.Build.0 = Debug|Win32
		{AE5B208D-B679-4DCA-8326-F4CC3B562858}.Release|x64.ActiveCfg = Release|x64
		{AE5B208D-B679-4DCA-8326-F4CC3B562858}.Release|x64.Build.0 = Release|x64
		{AE5B208D-B679-4DCA-8326-F4CC3B562858}.Release|x86.ActiveCfg = Release|Win32
		{AE5B208D-B679-4DCA-8326-F4CC3B562858}.Release|x86.Build.0 = Release|Win32
		{E2259E8C-C7E0-411D-87DD-7FF4B4DA84C5}.Debug|x64.ActiveCfg = Debug|x64
		{E2259E8C-C7E0-411D-87DD-7FF4B4DA84C5}.Debug|x64.Build.0 = Debug|x64
		{E2259E8C-C7E0-411D-87DD-7FF4B4DA84C5}.Debug|x86.ActiveCfg = Debug|Win32
		{E2259E8C-C7E0-411D-87DD-7FF4B4DA84C5}.Debug|x86.Build.0 = Debug|Win32
		{E2259E8C-C7E0-411D-87DD-7FF4B4DA84C5}.Release|x64.ActiveCfg = Release|x64
		{E2259E8C-C7E0-411D-87DD-7FF4B4DA84C5}.Release|x64.Build.0 = Release|x64
		{E2259E8C-C7E0-411D-87DD-7FF4B4DA84C5}.Release|x86.ActiveCfg = Release|Win32
		{E2259E8C-C7E0-411D-87DD-7FF4B4DA84C5}.Release|x86.Build.0 = Release|Win32
	EndGlobalSection
	GlobalSection(SolutionProperties) = preSolution
		HideSolutionNode = FALSE
	EndGlobalSection
	GlobalSection(ExtensibilityGlobals) = postSolution
		SolutionGuid = {90280FEC-EBB3-4412-87F2-C0C15F39F571}
	EndGlobalSection
EndGlobal
