
Microsoft Visual Studio Solution File, Format Version 12.00
# Visual Studio 15
VisualStudioVersion = 15.0.27428.2015
MinimumVisualStudioVersion = 10.0.40219.1
Project("{8BC9CEB8-8B4A-11D0-8D11-00A0C91BC942}") = "mediaServer", "mediaServer\mediaServer.vcxproj", "{DED9A9AC-2AB7-48C4-85C6-20F77593614C}"
EndProject
Project("{8BC9CEB8-8B4A-11D0-8D11-00A0C91BC942}") = "testProgs", "testProgs\testProgs.vcxproj", "{F74309C8-DD7D-45F2-88A6-1DE2A1146DAF}"
EndProject
Project("{8BC9CEB8-8B4A-11D0-8D11-00A0C91BC942}") = "BasicUsageEnvironment", "BasicUsageEnvironment\BasicUsageEnvironment.vcxproj", "{90DA6ADE-4562-439B-B28F-E816DA93FDD2}"
EndProject
Project("{8BC9CEB8-8B4A-11D0-8D11-00A0C91BC942}") = "groupsock", "groupsock\groupsock.vcxproj", "{280A64AB-7D47-4EFA-A20D-BFF4119928D8}"
EndProject
Project("{8BC9CEB8-8B4A-11D0-8D11-00A0C91BC942}") = "liveMedia", "liveMedia\liveMedia.vcxproj", "{D055C220-7DAB-4536-B456-9736282F31F3}"
EndProject
Project("{8BC9CEB8-8B4A-11D0-8D11-00A0C91BC942}") = "UsageEnvironment", "UsageEnvironment\UsageEnvironment.vcxproj", "{46BAB10C-B498-4985-AF3B-6A91945A36BB}"
EndProject
Project("{8BC9CEB8-8B4A-11D0-8D11-00A0C91BC942}") = "WindowsAudioInputDevice", "WindowsAudioInputDevice\WindowsAudioInputDevice.vcxproj", "{1F73A938-1DE3-40FC-B7AD-A3A1FE6D56EF}"
EndProject
Global
	GlobalSection(SolutionConfigurationPlatforms) = preSolution
		Debug|x64 = Debug|x64
		Debug|x86 = Debug|x86
		Release|x64 = Release|x64
		Release|x86 = Release|x86
	EndGlobalSection
	GlobalSection(ProjectConfigurationPlatforms) = postSolution
		{DED9A9AC-2AB7-48C4-85C6-20F77593614C}.Debug|x64.ActiveCfg = Debug|x64
		{DED9A9AC-2AB7-48C4-85C6-20F77593614C}.Debug|x64.Build.0 = Debug|x64
		{DED9A9AC-2AB7-48C4-85C6-20F77593614C}.Debug|x86.ActiveCfg = Debug|Win32
		{DED9A9AC-2AB7-48C4-85C6-20F77593614C}.Debug|x86.Build.0 = Debug|Win32
		{DED9A9AC-2AB7-48C4-85C6-20F77593614C}.Release|x64.ActiveCfg = Release|x64
		{DED9A9AC-2AB7-48C4-85C6-20F77593614C}.Release|x64.Build.0 = Release|x64
		{DED9A9AC-2AB7-48C4-85C6-20F77593614C}.Release|x86.ActiveCfg = Release|Win32
		{DED9A9AC-2AB7-48C4-85C6-20F77593614C}.Release|x86.Build.0 = Release|Win32
		{F74309C8-DD7D-45F2-88A6-1DE2A1146DAF}.Debug|x64.ActiveCfg = Debug|x64
		{F74309C8-DD7D-45F2-88A6-1DE2A1146DAF}.Debug|x64.Build.0 = Debug|x64
		{F74309C8-DD7D-45F2-88A6-1DE2A1146DAF}.Debug|x86.ActiveCfg = Debug|Win32
		{F74309C8-DD7D-45F2-88A6-1DE2A1146DAF}.Debug|x86.Build.0 = Debug|Win32
		{F74309C8-DD7D-45F2-88A6-1DE2A1146DAF}.Release|x64.ActiveCfg = Release|x64
		{F74309C8-DD7D-45F2-88A6-1DE2A1146DAF}.Release|x64.Build.0 = Release|x64
		{F74309C8-DD7D-45F2-88A6-1DE2A1146DAF}.Release|x86.ActiveCfg = Release|Win32
		{F74309C8-DD7D-45F2-88A6-1DE2A1146DAF}.Release|x86.Build.0 = Release|Win32
		{90DA6ADE-4562-439B-B28F-E816DA93FDD2}.Debug|x64.ActiveCfg = Debug|x64
		{90DA6ADE-4562-439B-B28F-E816DA93FDD2}.Debug|x64.Build.0 = Debug|x64
		{90DA6ADE-4562-439B-B28F-E816DA93FDD2}.Debug|x86.ActiveCfg = Debug|Win32
		{90DA6ADE-4562-439B-B28F-E816DA93FDD2}.Debug|x86.Build.0 = Debug|Win32
		{90DA6ADE-4562-439B-B28F-E816DA93FDD2}.Release|x64.ActiveCfg = Release|x64
		{90DA6ADE-4562-439B-B28F-E816DA93FDD2}.Release|x64.Build.0 = Release|x64
		{90DA6ADE-4562-439B-B28F-E816DA93FDD2}.Release|x86.ActiveCfg = Release|Win32
		{90DA6ADE-4562-439B-B28F-E816DA93FDD2}.Release|x86.Build.0 = Release|Win32
		{280A64AB-7D47-4EFA-A20D-BFF4119928D8}.Debug|x64.ActiveCfg = Debug|x64
		{280A64AB-7D47-4EFA-A20D-BFF4119928D8}.Debug|x64.Build.0 = Debug|x64
		{280A64AB-7D47-4EFA-A20D-BFF4119928D8}.Debug|x86.ActiveCfg = Debug|Win32
		{280A64AB-7D47-4EFA-A20D-BFF4119928D8}.Debug|x86.Build.0 = Debug|Win32
		{280A64AB-7D47-4EFA-A20D-BFF4119928D8}.Release|x64.ActiveCfg = Release|x64
		{280A64AB-7D47-4EFA-A20D-BFF4119928D8}.Release|x64.Build.0 = Release|x64
		{280A64AB-7D47-4EFA-A20D-BFF4119928D8}.Release|x86.ActiveCfg = Release|Win32
		{280A64AB-7D47-4EFA-A20D-BFF4119928D8}.Release|x86.Build.0 = Release|Win32
		{D055C220-7DAB-4536-B456-9736282F31F3}.Debug|x64.ActiveCfg = Debug|x64
		{D055C220-7DAB-4536-B456-9736282F31F3}.Debug|x64.Build.0 = Debug|x64
		{D055C220-7DAB-4536-B456-9736282F31F3}.Debug|x86.ActiveCfg = Debug|Win32
		{D055C220-7DAB-4536-B456-9736282F31F3}.Debug|x86.Build.0 = Debug|Win32
		{D055C220-7DAB-4536-B456-9736282F31F3}.Release|x64.ActiveCfg = Release|x64
		{D055C220-7DAB-4536-B456-9736282F31F3}.Release|x64.Build.0 = Release|x64
		{D055C220-7DAB-4536-B456-9736282F31F3}.Release|x86.ActiveCfg = Release|Win32
		{D055C220-7DAB-4536-B456-9736282F31F3}.Release|x86.Build.0 = Release|Win32
		{46BAB10C-B498-4985-AF3B-6A91945A36BB}.Debug|x64.ActiveCfg = Debug|x64
		{46BAB10C-B498-4985-AF3B-6A91945A36BB}.Debug|x64.Build.0 = Debug|x64
		{46BAB10C-B498-4985-AF3B-6A91945A36BB}.Debug|x86.ActiveCfg = Debug|Win32
		{46BAB10C-B498-4985-AF3B-6A91945A36BB}.Debug|x86.Build.0 = Debug|Win32
		{46BAB10C-B498-4985-AF3B-6A91945A36BB}.Release|x64.ActiveCfg = Release|x64
		{46BAB10C-B498-4985-AF3B-6A91945A36BB}.Release|x64.Build.0 = Release|x64
		{46BAB10C-B498-4985-AF3B-6A91945A36BB}.Release|x86.ActiveCfg = Release|Win32
		{46BAB10C-B498-4985-AF3B-6A91945A36BB}.Release|x86.Build.0 = Release|Win32
		{1F73A938-1DE3-40FC-B7AD-A3A1FE6D56EF}.Debug|x64.ActiveCfg = Debug|x64
		{1F73A938-1DE3-40FC-B7AD-A3A1FE6D56EF}.Debug|x64.Build.0 = Debug|x64
		{1F73A938-1DE3-40FC-B7AD-A3A1FE6D56EF}.Debug|x86.ActiveCfg = Debug|Win32
		{1F73A938-1DE3-40FC-B7AD-A3A1FE6D56EF}.Debug|x86.Build.0 = Debug|Win32
		{1F73A938-1DE3-40FC-B7AD-A3A1FE6D56EF}.Release|x64.ActiveCfg = Release|x64
		{1F73A938-1DE3-40FC-B7AD-A3A1FE6D56EF}.Release|x64.Build.0 = Release|x64
		{1F73A938-1DE3-40FC-B7AD-A3A1FE6D56EF}.Release|x86.ActiveCfg = Release|Win32
		{1F73A938-1DE3-40FC-B7AD-A3A1FE6D56EF}.Release|x86.Build.0 = Release|Win32
	EndGlobalSection
	GlobalSection(SolutionProperties) = preSolution
		HideSolutionNode = FALSE
	EndGlobalSection
	GlobalSection(ExtensibilityGlobals) = postSolution
		SolutionGuid = {90280FEC-EBB3-4412-87F2-C0C15F39F571}
	EndGlobalSection
EndGlobal
